
Microsoft Visual Studio Solution File, Format Version 12.00
# Visual Studio Version 17
VisualStudioVersion = 17.3.32929.385
MinimumVisualStudioVersion = 10.0.40219.1
Project("{9A19103F-16F7-4668-BE54-9A1E7A4F7556}") = "TestWork", "TestWork\TestWork.csproj", "{FAECAE25-DEC5-4FD2-820F-0918A4F183F9}"
EndProject
Global
	GlobalSection(SolutionConfigurationPlatforms) = preSolution
		Debug|Any CPU = Debug|Any CPU
		Release|Any CPU = Release|Any CPU
	EndGlobalSection
	GlobalSection(ProjectConfigurationPlatforms) = postSolution
		{FAECAE25-DEC5-4FD2-820F-0918A4F183F9}.Debug|Any CPU.ActiveCfg = Debug|Any CPU
		{FAECAE25-DEC5-4FD2-820F-0918A4F183F9}.Debug|Any CPU.Build.0 = Debug|Any CPU
		{FAECAE25-DEC5-4FD2-820F-0918A4F183F9}.Release|Any CPU.ActiveCfg = Release|Any CPU
		{FAECAE25-DEC5-4FD2-820F-0918A4F183F9}.Release|Any CPU.Build.0 = Release|Any CPU
	EndGlobalSection
	GlobalSection(SolutionProperties) = preSolution
		HideSolutionNode = FALSE
	EndGlobalSection
	GlobalSection(ExtensibilityGlobals) = postSolution
		SolutionGuid = {7EA8F407-791F-4FB7-8D15-B73DA3E8943D}
	EndGlobalSection
EndGlobal
